Microsoft Visual Studio Solution File, Format Version 12.00
# Visual Studio Version 17
VisualStudioVersion = 17.5.2.0
MinimumVisualStudioVersion = 10.0.40219.1
Project("{FAE04EC0-301F-11D3-BF4B-00C04F79EFBC}") = "tl1-tp6-2025-Facundet", "tl1-tp6-2025-Facundet.csproj", "{E1A9B594-E61D-BB85-406A-26DE1C3FEEFC}"
EndProject
Global
	GlobalSection(SolutionConfigurationPlatforms) = preSolution
		Debug|Any CPU = Debug|Any CPU
		Release|Any CPU = Release|Any CPU
	EndGlobalSection
	GlobalSection(ProjectConfigurationPlatforms) = postSolution
		{E1A9B594-E61D-BB85-406A-26DE1C3FEEFC}.Debug|Any CPU.ActiveCfg = Debug|Any CPU
		{E1A9B594-E61D-BB85-406A-26DE1C3FEEFC}.Debug|Any CPU.Build.0 = Debug|Any CPU
		{E1A9B594-E61D-BB85-406A-26DE1C3FEEFC}.Release|Any CPU.ActiveCfg = Release|Any CPU
		{E1A9B594-E61D-BB85-406A-26DE1C3FEEFC}.Release|Any CPU.Build.0 = Release|Any CPU
	EndGlobalSection
	GlobalSection(SolutionProperties) = preSolution
		HideSolutionNode = FALSE
	EndGlobalSection
	GlobalSection(ExtensibilityGlobals) = postSolution
		SolutionGuid = {73AD7ED2-5E67-4853-9B1D-127958DC2417}
	EndGlobalSection
EndGlobal
